<?xml version="1.0" encoding="utf-8"?>
<Project ToolsVersion="4.0" xmlns="http://schemas.microsoft.com/developer/msbuild/2003">
  <ItemGroup>
    <Filter Include="Source Files">
      <UniqueIdentifier>{4FC737F1-C7A5-4376-A066-2A32D752A2FF}</UniqueIdentifier>
      <Extensions>cpp;c;cc;cxx;c++;cppm;ixx;def;odl;idl;hpj;bat;asm;asmx</Extensions>
    </Filter>
    <Filter Include="Header Files">
      <UniqueIdentifier>{93995380-89BD-4b04-88EB-625FBE52EBFB}</UniqueIdentifier>
      <Extensions>h;hh;hpp;hxx;h++;hm;inl;inc;ipp;xsd</Extensions>
    </Filter>
    <Filter Include="Resource Files">
      <UniqueIdentifier>{67DA6AB6-F800-4c08-8B7A-83BB121AAD01}</UniqueIdentifier>
      <Extensions>rc;ico;cur;bmp;dlg;rc2;rct;bin;rgs;gif;jpg;jpeg;jpe;resx;tiff;tif;png;wav;mfcribbon-ms</Extensions>
    </Filter>
  </ItemGroup>
  <ItemGroup>
    <ClCompile Include="31_CounterInStringCAndS.cpp">
      <Filter>Source Files</Filter>
    </ClCompile>
    <ClCompile Include="32_CheckerVowelLetters.cpp">
      <Filter>Source Files</Filter>
    </ClCompile>
    <ClCompile Include="01_MatrixRandomNumbers.cpp">
      <Filter>Source Files</Filter>
    </ClCompile>
    <ClCompile Include="02_SumMatrixRandomNumbersRow.cpp">
      <Filter>Source Files</Filter>
    </ClCompile>
    <ClCompile Include="03_SumMatrixRandomDemoRow.cpp">
      <Filter>Source Files</Filter>
    </ClCompile>
    <ClCompile Include="04_SumMatrixNumbersCol.cpp">
      <Filter>Source Files</Filter>
    </ClCompile>
    <ClCompile Include="05_SumMatrixRandomDemoColInArray.cpp">
      <Filter>Source Files</Filter>
    </ClCompile>
    <ClCompile Include="06_MatrixOrderedNumbersRow.cpp">
      <Filter>Source Files</Filter>
    </ClCompile>
    <ClCompile Include="07_MatrixTransposedDemo.cpp">
      <Filter>Source Files</Filter>
    </ClCompile>
    <ClCompile Include="08_SumDigitTooMatrix.cpp">
      <Filter>Source Files</Filter>
    </ClCompile>
    <ClCompile Include="09_MiddleRowAndCol.cpp">
      <Filter>Source Files</Filter>
    </ClCompile>
    <ClCompile Include="10_SumMatrix.cpp">
      <Filter>Source Files</Filter>
    </ClCompile>
    <ClCompile Include="11_CheckCompareTooMatrix.cpp">
      <Filter>Source Files</Filter>
    </ClCompile>
    <ClCompile Include="12_CheckSumTowMatrix.cpp">
      <Filter>Source Files</Filter>
    </ClCompile>
    <ClCompile Include="13_Identity.cpp">
      <Filter>Source Files</Filter>
    </ClCompile>
    <ClCompile Include="14_Scalar.cpp">
      <Filter>Source Files</Filter>
    </ClCompile>
    <ClCompile Include="15_CheckNumberInMatrix.cpp">
      <Filter>Source Files</Filter>
    </ClCompile>
    <ClCompile Include="16_CheckSparceMatrix.cpp">
      <Filter>Source Files</Filter>
    </ClCompile>
    <ClCompile Include="17_CHeckNumInMatrix.cpp">
      <Filter>Source Files</Filter>
    </ClCompile>
    <ClCompile Include="18_IntersectedNumbers.cpp">
      <Filter>Source Files</Filter>
    </ClCompile>
    <ClCompile Include="19_MinAndMaxNumbersInMatrix.cpp">
      <Filter>Source Files</Filter>
    </ClCompile>
    <ClCompile Include="20_PalindromeMatrix.cpp">
      <Filter>Source Files</Filter>
    </ClCompile>
    <ClCompile Include="21_Fibonacci.cpp">
      <Filter>Source Files</Filter>
    </ClCompile>
    <ClCompile Include="22_FibonacciUsingRechargin.cpp">
      <Filter>Source Files</Filter>
    </ClCompile>
    <ClCompile Include="23_PrintFirstLetterinWords.cpp">
      <Filter>Source Files</Filter>
    </ClCompile>
    <ClCompile Include="24_UpperCaseFirstLetterInstring.cpp">
      <Filter>Source Files</Filter>
    </ClCompile>
    <ClCompile Include="25_LowerCaseFirstLetterInstring.cpp">
      <Filter>Source Files</Filter>
    </ClCompile>
    <ClCompile Include="26_UpperAndLowerOllLetters.cpp">
      <Filter>Source Files</Filter>
    </ClCompile>
    <ClCompile Include="27_InvertCharacter.cpp">
      <Filter>Source Files</Filter>
    </ClCompile>
    <ClCompile Include="28_InvertString.cpp">
      <Filter>Source Files</Filter>
    </ClCompile>
    <ClCompile Include="29_LettersCounter.cpp">
      <Filter>Source Files</Filter>
    </ClCompile>
    <ClCompile Include="30_CounterCharacterInString.cpp">
      <Filter>Source Files</Filter>
    </ClCompile>
    <ClCompile Include="main.cpp">
      <Filter>Source Files</Filter>
    </ClCompile>
    <ClCompile Include="33_CounterVowelsInString.cpp">
      <Filter>Source Files</Filter>
    </ClCompile>
    <ClCompile Include="34_PrintOllVowelsInstring.cpp">
      <Filter>Source Files</Filter>
    </ClCompile>
    <ClCompile Include="35_PrintOllWordsInString.cpp">
      <Filter>Source Files</Filter>
    </ClCompile>
    <ClCompile Include="36_CounterWords.cpp">
      <Filter>Source Files</Filter>
    </ClCompile>
    <ClCompile Include="37_PrintNumberAndItWords.cpp">
      <Filter>Source Files</Filter>
    </ClCompile>
    <ClCompile Include="38_TrimLeftAndRight.cpp">
      <Filter>Source Files</Filter>
    </ClCompile>
    <ClCompile Include="39_VectorOfString.cpp">
      <Filter>Source Files</Filter>
    </ClCompile>
    <ClCompile Include="40_ArrayOfString.cpp">
      <Filter>Source Files</Filter>
    </ClCompile>
    <ClCompile Include="41_ReverserWords.cpp">
      <Filter>Source Files</Filter>
    </ClCompile>
    <ClCompile Include="42_ReplaceWords.cpp">
      <Filter>Source Files</Filter>
    </ClCompile>
    <ClCompile Include="43_ReplaceWordsDontMatch.cpp">
      <Filter>Source Files</Filter>
    </ClCompile>
    <ClCompile Include="44_RemovePunctuations.cpp">
      <Filter>Source Files</Filter>
    </ClCompile>
    <ClCompile Include="45_ReadClaintData.cpp">
      <Filter>Source Files</Filter>
    </ClCompile>
    <ClCompile Include="46_PrintClientData.cpp">
      <Filter>Source Files</Filter>
    </ClCompile>
    <ClCompile Include="47_SaveClientsDataTofile.cpp">
      <Filter>Source Files</Filter>
    </ClCompile>
    <ClCompile Include="48_ShowData.cpp">
      <Filter>Source Files</Filter>
    </ClCompile>
    <ClCompile Include="49_FindClientByAccountNumber.cpp">
      <Filter>Source Files</Filter>
    </ClCompile>
    <ClCompile Include="50_DeleteClientByAccountNumber.cpp">
      <Filter>Source Files</Filter>
    </ClCompile>
    <ClCompile Include="51_UpdateClientByAccountNumber.cpp">
      <Filter>Source Files</Filter>
    </ClCompile>
  </ItemGroup>
</Project>